
Microsoft Visual Studio Solution File, Format Version 12.00
# Visual Studio Version 16
VisualStudioVersion = 16.0.30611.23
MinimumVisualStudioVersion = 10.0.40219.1
Project("{FAE04EC0-301F-11D3-BF4B-00C04F79EFBC}") = "WpfApp1", "WpfApp1\WpfApp1.csproj", "{42D60BD6-23AA-485F-8C1F-DA24B8CAB0B5}"
EndProject
Global
	GlobalSection(SolutionConfigurationPlatforms) = preSolution
		Debug|Any CPU = Debug|Any CPU
		Release|Any CPU = Release|Any CPU
	EndGlobalSection
	GlobalSection(ProjectConfigurationPlatforms) = postSolution
		{42D60BD6-23AA-485F-8C1F-DA24B8CAB0B5}.Debug|Any CPU.ActiveCfg = Debug|Any CPU
		{42D60BD6-23AA-485F-8C1F-DA24B8CAB0B5}.Debug|Any CPU.Build.0 = Debug|Any CPU
		{42D60BD6-23AA-485F-8C1F-DA24B8CAB0B5}.Release|Any CPU.ActiveCfg = Release|Any CPU
		{42D60BD6-23AA-485F-8C1F-DA24B8CAB0B5}.Release|Any CPU.Build.0 = Release|Any CPU
	EndGlobalSection
	GlobalSection(SolutionProperties) = preSolution
		HideSolutionNode = FALSE
	EndGlobalSection
	GlobalSection(ExtensibilityGlobals) = postSolution
		SolutionGuid = {1B970E4D-A956-46C8-9628-6C5DCB544596}
	EndGlobalSection
EndGlobal
